
Microsoft Visual Studio Solution File, Format Version 12.00
Project("{FAE04EC0-301F-11D3-BF4B-00C04F79EFBC}") = "SmartOpt.Core", "SmartOpt.Core\SmartOpt.Core.csproj", "{8615CC19-7F04-4344-A552-38CA4893950C}"
EndProject
Project("{FAE04EC0-301F-11D3-BF4B-00C04F79EFBC}") = "SmartOpt.Modules", "SmartOpt.Modules\SmartOpt.Modules.csproj", "{31D6B295-1DB2-49CB-A697-4622CDE2A6D7}"
EndProject
Project("{FAE04EC0-301F-11D3-BF4B-00C04F79EFBC}") = "SmartOpt", "SmartOpt\SmartOpt.csproj", "{7AE45C5E-CC8F-4E14-938B-B425B7D2D086}"
EndProject
Project("{FAE04EC0-301F-11D3-BF4B-00C04F79EFBC}") = "SmartOpt.Modules.PatternLayoutsGenerator", "SmartOpt.Modules.PatternLayoutsGenerator\SmartOpt.Modules.PatternLayoutsGenerator.csproj", "{031E06C1-CA58-4183-9DCC-E6C00AFB47D8}"
EndProject
Project("{FAE04EC0-301F-11D3-BF4B-00C04F79EFBC}") = "SmartOpt.Modules.PatternLayoutsGenerator.UI", "SmartOpt.Modules.PatternLayoutsGenerator.UI\SmartOpt.Modules.PatternLayoutsGenerator.UI.csproj", "{3AC5B28E-F828-47C9-B008-E603870C3590}"
EndProject
Project("{2150E333-8FDC-42A3-9474-1A3956D46DE8}") = "Tests", "Tests", "{7BD67B19-B8C7-4A1F-B655-E17A5539F05E}"
EndProject
Project("{FAE04EC0-301F-11D3-BF4B-00C04F79EFBC}") = "SmartOpt.Modules.PatternLayoutsGenerator.Tests", "SmartOpt.Modules.PatternLayoutsGenerator.Tests\SmartOpt.Modules.PatternLayoutsGenerator.Tests.csproj", "{83DAE879-6EA1-40E8-8048-032D8357816E}"
EndProject
Project("{FAE04EC0-301F-11D3-BF4B-00C04F79EFBC}") = "TestConsole", "TestConsole\TestConsole.csproj", "{4684E8EE-B6C8-4AE1-BA41-E6B7352C7BC7}"
EndProject
Global
	GlobalSection(SolutionConfigurationPlatforms) = preSolution
		Debug|Any CPU = Debug|Any CPU
		Release|Any CPU = Release|Any CPU
	EndGlobalSection
	GlobalSection(ProjectConfigurationPlatforms) = postSolution
		{8615CC19-7F04-4344-A552-38CA4893950C}.Debug|Any CPU.ActiveCfg = Debug|Any CPU
		{8615CC19-7F04-4344-A552-38CA4893950C}.Debug|Any CPU.Build.0 = Debug|Any CPU
		{8615CC19-7F04-4344-A552-38CA4893950C}.Release|Any CPU.ActiveCfg = Release|Any CPU
		{8615CC19-7F04-4344-A552-38CA4893950C}.Release|Any CPU.Build.0 = Release|Any CPU
		{31D6B295-1DB2-49CB-A697-4622CDE2A6D7}.Debug|Any CPU.ActiveCfg = Debug|Any CPU
		{31D6B295-1DB2-49CB-A697-4622CDE2A6D7}.Debug|Any CPU.Build.0 = Debug|Any CPU
		{31D6B295-1DB2-49CB-A697-4622CDE2A6D7}.Release|Any CPU.ActiveCfg = Release|Any CPU
		{31D6B295-1DB2-49CB-A697-4622CDE2A6D7}.Release|Any CPU.Build.0 = Release|Any CPU
		{7AE45C5E-CC8F-4E14-938B-B425B7D2D086}.Debug|Any CPU.ActiveCfg = Debug|Any CPU
		{7AE45C5E-CC8F-4E14-938B-B425B7D2D086}.Debug|Any CPU.Build.0 = Debug|Any CPU
		{7AE45C5E-CC8F-4E14-938B-B425B7D2D086}.Release|Any CPU.ActiveCfg = Release|Any CPU
		{7AE45C5E-CC8F-4E14-938B-B425B7D2D086}.Release|Any CPU.Build.0 = Release|Any CPU
		{031E06C1-CA58-4183-9DCC-E6C00AFB47D8}.Debug|Any CPU.ActiveCfg = Debug|Any CPU
		{031E06C1-CA58-4183-9DCC-E6C00AFB47D8}.Debug|Any CPU.Build.0 = Debug|Any CPU
		{031E06C1-CA58-4183-9DCC-E6C00AFB47D8}.Release|Any CPU.ActiveCfg = Release|Any CPU
		{031E06C1-CA58-4183-9DCC-E6C00AFB47D8}.Release|Any CPU.Build.0 = Release|Any CPU
		{3AC5B28E-F828-47C9-B008-E603870C3590}.Debug|Any CPU.ActiveCfg = Debug|Any CPU
		{3AC5B28E-F828-47C9-B008-E603870C3590}.Debug|Any CPU.Build.0 = Debug|Any CPU
		{3AC5B28E-F828-47C9-B008-E603870C3590}.Release|Any CPU.ActiveCfg = Release|Any CPU
		{3AC5B28E-F828-47C9-B008-E603870C3590}.Release|Any CPU.Build.0 = Release|Any CPU
		{83DAE879-6EA1-40E8-8048-032D8357816E}.Debug|Any CPU.ActiveCfg = Debug|Any CPU
		{83DAE879-6EA1-40E8-8048-032D8357816E}.Debug|Any CPU.Build.0 = Debug|Any CPU
		{83DAE879-6EA1-40E8-8048-032D8357816E}.Release|Any CPU.ActiveCfg = Release|Any CPU
		{83DAE879-6EA1-40E8-8048-032D8357816E}.Release|Any CPU.Build.0 = Release|Any CPU
		{4684E8EE-B6C8-4AE1-BA41-E6B7352C7BC7}.Debug|Any CPU.ActiveCfg = Debug|Any CPU
		{4684E8EE-B6C8-4AE1-BA41-E6B7352C7BC7}.Debug|Any CPU.Build.0 = Debug|Any CPU
		{4684E8EE-B6C8-4AE1-BA41-E6B7352C7BC7}.Release|Any CPU.ActiveCfg = Release|Any CPU
		{4684E8EE-B6C8-4AE1-BA41-E6B7352C7BC7}.Release|Any CPU.Build.0 = Release|Any CPU
	EndGlobalSection
	GlobalSection(NestedProjects) = preSolution
		{83DAE879-6EA1-40E8-8048-032D8357816E} = {7BD67B19-B8C7-4A1F-B655-E17A5539F05E}
	EndGlobalSection
EndGlobal
